// !$*UTF8*$!
{
	archiveVersion = 1;
	classes = {
	};
	objectVersion = 55;
	objects = {

/* Begin PBXBuildFile section */
		7FA2D3B2C3A8EE5F5EA06EAB /* Pods_ValorantAPP_ValorantAPPUITests.framework in Frameworks */ = {isa = PBXBuildFile; fileRef = 2344DDDCB7A00217CFA845B8 /* Pods_ValorantAPP_ValorantAPPUITests.framework */; };
		BC1C900828CF424E00BD73AF /* NetworkService.swift in Sources */ = {isa = PBXBuildFile; fileRef = BC1C900728CF424E00BD73AF /* NetworkService.swift */; };
		BC1C900A28CF425900BD73AF /* CharacterModel.swift in Sources */ = {isa = PBXBuildFile; fileRef = BC1C900928CF425900BD73AF /* CharacterModel.swift */; };
		BC1C900E28CF433400BD73AF /* DetailsViewController.swift in Sources */ = {isa = PBXBuildFile; fileRef = BC1C900D28CF433400BD73AF /* DetailsViewController.swift */; };
		BC1C901228CF45B400BD73AF /* CharacterCell.swift in Sources */ = {isa = PBXBuildFile; fileRef = BC1C901128CF45B400BD73AF /* CharacterCell.swift */; };
		BC9B0DF128CEA1500016DD77 /* AppDelegate.swift in Sources */ = {isa = PBXBuildFile; fileRef = BC9B0DF028CEA1500016DD77 /* AppDelegate.swift */; };
		BC9B0DF328CEA1500016DD77 /* SceneDelegate.swift in Sources */ = {isa = PBXBuildFile; fileRef = BC9B0DF228CEA1500016DD77 /* SceneDelegate.swift */; };
		BC9B0DF528CEA1500016DD77 /* CharactersViewController.swift in Sources */ = {isa = PBXBuildFile; fileRef = BC9B0DF428CEA1500016DD77 /* CharactersViewController.swift */; };
		BC9B0DF828CEA1500016DD77 /* Main.storyboard in Resources */ = {isa = PBXBuildFile; fileRef = BC9B0DF628CEA1500016DD77 /* Main.storyboard */; };
		BC9B0DFA28CEA1560016DD77 /* Assets.xcassets in Resources */ = {isa = PBXBuildFile; fileRef = BC9B0DF928CEA1560016DD77 /* Assets.xcassets */; };
		BC9B0DFD28CEA1560016DD77 /* LaunchScreen.storyboard in Resources */ = {isa = PBXBuildFile; fileRef = BC9B0DFB28CEA1560016DD77 /* LaunchScreen.storyboard */; };
		BC9B0E0828CEA1560016DD77 /* ValorantAPPTests.swift in Sources */ = {isa = PBXBuildFile; fileRef = BC9B0E0728CEA1560016DD77 /* ValorantAPPTests.swift */; };
		BC9B0E1228CEA1570016DD77 /* ValorantAPPUITests.swift in Sources */ = {isa = PBXBuildFile; fileRef = BC9B0E1128CEA1570016DD77 /* ValorantAPPUITests.swift */; };
		BC9B0E1428CEA1570016DD77 /* ValorantAPPUITestsLaunchTests.swift in Sources */ = {isa = PBXBuildFile; fileRef = BC9B0E1328CEA1570016DD77 /* ValorantAPPUITestsLaunchTests.swift */; };
		BCADA04E28CFB0E4001AE36B /* DetailsCollectionViewCell.swift in Sources */ = {isa = PBXBuildFile; fileRef = BCADA04D28CFB0E3001AE36B /* DetailsCollectionViewCell.swift */; };
		BCADA05028CFCC3A001AE36B /* sound.wav in Resources */ = {isa = PBXBuildFile; fileRef = BCADA04F28CFCC39001AE36B /* sound.wav */; };
		DBA45F6068C4F9F337A6AC27 /* Pods_ValorantAPP.framework in Frameworks */ = {isa = PBXBuildFile; fileRef = EACCD9CD8A834841B23BC052 /* Pods_ValorantAPP.framework */; };
		FDADDCA71E966F44882381E7 /* Pods_ValorantAPPTests.framework in Frameworks */ = {isa = PBXBuildFile; fileRef = 8955D3221387AE3C6582BA66 /* Pods_ValorantAPPTests.framework */; };
/* End PBXBuildFile section */

/* Begin PBXContainerItemProxy section */
		BC9B0E0428CEA1560016DD77 /* PBXContainerItemProxy */ = {
			isa = PBXContainerItemProxy;
			containerPortal = BC9B0DE528CEA14F0016DD77 /* Project object */;
			proxyType = 1;
			remoteGlobalIDString = BC9B0DEC28CEA14F0016DD77;
			remoteInfo = ValorantAPP;
		};
		BC9B0E0E28CEA1570016DD77 /* PBXContainerItemProxy */ = {
			isa = PBXContainerItemProxy;
			containerPortal = BC9B0DE528CEA14F0016DD77 /* Project object */;
			proxyType = 1;
			remoteGlobalIDString = BC9B0DEC28CEA14F0016DD77;
			remoteInfo = ValorantAPP;
		};
/* End PBXContainerItemProxy section */

/* Begin PBXFileReference section */
		1FF25BF771DF369D8FECD1D7 /* Pods-ValorantAPP-ValorantAPPUITests.debug.xcconfig */ = {isa = PBXFileReference; includeInIndex = 1; lastKnownFileType = text.xcconfig; name = "Pods-ValorantAPP-ValorantAPPUITests.debug.xcconfig"; path = "Target Support Files/Pods-ValorantAPP-ValorantAPPUITests/Pods-ValorantAPP-ValorantAPPUITests.debug.xcconfig"; sourceTree = "<group>"; };
		2344DDDCB7A00217CFA845B8 /* Pods_ValorantAPP_ValorantAPPUITests.framework */ = {isa = PBXFileReference; explicitFileType = wrapper.framework; includeInIndex = 0; path = Pods_ValorantAPP_ValorantAPPUITests.framework; sourceTree = BUILT_PRODUCTS_DIR; };
		7EA8308FBDCB2C504BFE1E6D /* Pods-ValorantAPP-ValorantAPPUITests.release.xcconfig */ = {isa = PBXFileReference; includeInIndex = 1; lastKnownFileType = text.xcconfig; name = "Pods-ValorantAPP-ValorantAPPUITests.release.xcconfig"; path = "Target Support Files/Pods-ValorantAPP-ValorantAPPUITests/Pods-ValorantAPP-ValorantAPPUITests.release.xcconfig"; sourceTree = "<group>"; };
		88D89FD6814BACF2755A9501 /* Pods-ValorantAPPTests.release.xcconfig */ = {isa = PBXFileReference; includeInIndex = 1; lastKnownFileType = text.xcconfig; name = "Pods-ValorantAPPTests.release.xcconfig"; path = "Target Support Files/Pods-ValorantAPPTests/Pods-ValorantAPPTests.release.xcconfig"; sourceTree = "<group>"; };
		8955D3221387AE3C6582BA66 /* Pods_ValorantAPPTests.framework */ = {isa = PBXFileReference; explicitFileType = wrapper.framework; includeInIndex = 0; path = Pods_ValorantAPPTests.framework; sourceTree = BUILT_PRODUCTS_DIR; };
		A24B2C91871878C4072232AC /* Pods-ValorantAPP.release.xcconfig */ = {isa = PBXFileReference; includeInIndex = 1; lastKnownFileType = text.xcconfig; name = "Pods-ValorantAPP.release.xcconfig"; path = "Target Support Files/Pods-ValorantAPP/Pods-ValorantAPP.release.xcconfig"; sourceTree = "<group>"; };
		BC1C900728CF424E00BD73AF /* NetworkService.swift */ = {isa = PBXFileReference; lastKnownFileType = sourcecode.swift; path = NetworkService.swift; sourceTree = "<group>"; };
		BC1C900928CF425900BD73AF /* CharacterModel.swift */ = {isa = PBXFileReference; lastKnownFileType = sourcecode.swift; path = CharacterModel.swift; sourceTree = "<group>"; };
		BC1C900D28CF433400BD73AF /* DetailsViewController.swift */ = {isa = PBXFileReference; lastKnownFileType = sourcecode.swift; path = DetailsViewController.swift; sourceTree = "<group>"; };
		BC1C901128CF45B400BD73AF /* CharacterCell.swift */ = {isa = PBXFileReference; lastKnownFileType = sourcecode.swift; path = CharacterCell.swift; sourceTree = "<group>"; };
		BC9B0DED28CEA1500016DD77 /* ValorantAPP.app */ = {isa = PBXFileReference; explicitFileType = wrapper.application; includeInIndex = 0; path = ValorantAPP.app; sourceTree = BUILT_PRODUCTS_DIR; };
		BC9B0DF028CEA1500016DD77 /* AppDelegate.swift */ = {isa = PBXFileReference; lastKnownFileType = sourcecode.swift; path = AppDelegate.swift; sourceTree = "<group>"; };
		BC9B0DF228CEA1500016DD77 /* SceneDelegate.swift */ = {isa = PBXFileReference; lastKnownFileType = sourcecode.swift; path = SceneDelegate.swift; sourceTree = "<group>"; };
		BC9B0DF428CEA1500016DD77 /* CharactersViewController.swift */ = {isa = PBXFileReference; lastKnownFileType = sourcecode.swift; path = CharactersViewController.swift; sourceTree = "<group>"; };
		BC9B0DF728CEA1500016DD77 /* Base */ = {isa = PBXFileReference; lastKnownFileType = file.storyboard; name = Base; path = Base.lproj/Main.storyboard; sourceTree = "<group>"; };
		BC9B0DF928CEA1560016DD77 /* Assets.xcassets */ = {isa = PBXFileReference; lastKnownFileType = folder.assetcatalog; path = Assets.xcassets; sourceTree = "<group>"; };
		BC9B0DFC28CEA1560016DD77 /* Base */ = {isa = PBXFileReference; lastKnownFileType = file.storyboard; name = Base; path = Base.lproj/LaunchScreen.storyboard; sourceTree = "<group>"; };
		BC9B0DFE28CEA1560016DD77 /* Info.plist */ = {isa = PBXFileReference; lastKnownFileType = text.plist.xml; path = Info.plist; sourceTree = "<group>"; };
		BC9B0E0328CEA1560016DD77 /* ValorantAPPTests.xctest */ = {isa = PBXFileReference; explicitFileType = wrapper.cfbundle; includeInIndex = 0; path = ValorantAPPTests.xctest; sourceTree = BUILT_PRODUCTS_DIR; };
		BC9B0E0728CEA1560016DD77 /* ValorantAPPTests.swift */ = {isa = PBXFileReference; lastKnownFileType = sourcecode.swift; path = ValorantAPPTests.swift; sourceTree = "<group>"; };
		BC9B0E0D28CEA1570016DD77 /* ValorantAPPUITests.xctest */ = {isa = PBXFileReference; explicitFileType = wrapper.cfbundle; includeInIndex = 0; path = ValorantAPPUITests.xctest; sourceTree = BUILT_PRODUCTS_DIR; };
		BC9B0E1128CEA1570016DD77 /* ValorantAPPUITests.swift */ = {isa = PBXFileReference; lastKnownFileType = sourcecode.swift; path = ValorantAPPUITests.swift; sourceTree = "<group>"; };
		BC9B0E1328CEA1570016DD77 /* ValorantAPPUITestsLaunchTests.swift */ = {isa = PBXFileReference; lastKnownFileType = sourcecode.swift; path = ValorantAPPUITestsLaunchTests.swift; sourceTree = "<group>"; };
		BCADA04D28CFB0E3001AE36B /* DetailsCollectionViewCell.swift */ = {isa = PBXFileReference; lastKnownFileType = sourcecode.swift; path = DetailsCollectionViewCell.swift; sourceTree = "<group>"; };
		BCADA04F28CFCC39001AE36B /* sound.wav */ = {isa = PBXFileReference; lastKnownFileType = audio.wav; path = sound.wav; sourceTree = "<group>"; };
		E12C870B4C0931087C9B7842 /* Pods-ValorantAPPTests.debug.xcconfig */ = {isa = PBXFileReference; includeInIndex = 1; lastKnownFileType = text.xcconfig; name = "Pods-ValorantAPPTests.debug.xcconfig"; path = "Target Support Files/Pods-ValorantAPPTests/Pods-ValorantAPPTests.debug.xcconfig"; sourceTree = "<group>"; };
		E2B9522B3377022379A104A5 /* Pods-ValorantAPP.debug.xcconfig */ = {isa = PBXFileReference; includeInIndex = 1; lastKnownFileType = text.xcconfig; name = "Pods-ValorantAPP.debug.xcconfig"; path = "Target Support Files/Pods-ValorantAPP/Pods-ValorantAPP.debug.xcconfig"; sourceTree = "<group>"; };
		EACCD9CD8A834841B23BC052 /* Pods_ValorantAPP.framework */ = {isa = PBXFileReference; explicitFileType = wrapper.framework; includeInIndex = 0; path = Pods_ValorantAPP.framework; sourceTree = BUILT_PRODUCTS_DIR; };
/* End PBXFileReference section */

/* Begin PBXFrameworksBuildPhase section */
		BC9B0DEA28CEA14F0016DD77 /* Frameworks */ = {
			isa = PBXFrameworksBuildPhase;
			buildActionMask = 2147483647;
			files = (
				DBA45F6068C4F9F337A6AC27 /* Pods_ValorantAPP.framework in Frameworks */,
			);
			runOnlyForDeploymentPostprocessing = 0;
		};
		BC9B0E0028CEA1560016DD77 /* Frameworks */ = {
			isa = PBXFrameworksBuildPhase;
			buildActionMask = 2147483647;
			files = (
				FDADDCA71E966F44882381E7 /* Pods_ValorantAPPTests.framework in Frameworks */,
			);
			runOnlyForDeploymentPostprocessing = 0;
		};
		BC9B0E0A28CEA1570016DD77 /* Frameworks */ = {
			isa = PBXFrameworksBuildPhase;
			buildActionMask = 2147483647;
			files = (
				7FA2D3B2C3A8EE5F5EA06EAB /* Pods_ValorantAPP_ValorantAPPUITests.framework in Frameworks */,
			);
			runOnlyForDeploymentPostprocessing = 0;
		};
/* End PBXFrameworksBuildPhase section */

/* Begin PBXGroup section */
		0DDDD84053A59E023C05B98A /* Pods */ = {
			isa = PBXGroup;
			children = (
				E2B9522B3377022379A104A5 /* Pods-ValorantAPP.debug.xcconfig */,
				A24B2C91871878C4072232AC /* Pods-ValorantAPP.release.xcconfig */,
				1FF25BF771DF369D8FECD1D7 /* Pods-ValorantAPP-ValorantAPPUITests.debug.xcconfig */,
				7EA8308FBDCB2C504BFE1E6D /* Pods-ValorantAPP-ValorantAPPUITests.release.xcconfig */,
				E12C870B4C0931087C9B7842 /* Pods-ValorantAPPTests.debug.xcconfig */,
				88D89FD6814BACF2755A9501 /* Pods-ValorantAPPTests.release.xcconfig */,
			);
			path = Pods;
			sourceTree = "<group>";
		};
		2E97DBFF0D0F15B62B60EDDA /* Frameworks */ = {
			isa = PBXGroup;
			children = (
				EACCD9CD8A834841B23BC052 /* Pods_ValorantAPP.framework */,
				2344DDDCB7A00217CFA845B8 /* Pods_ValorantAPP_ValorantAPPUITests.framework */,
				8955D3221387AE3C6582BA66 /* Pods_ValorantAPPTests.framework */,
			);
			name = Frameworks;
			sourceTree = "<group>";
		};
		BC1C900228CF419F00BD73AF /* Model */ = {
			isa = PBXGroup;
			children = (
				BC1C900928CF425900BD73AF /* CharacterModel.swift */,
			);
			path = Model;
			sourceTree = "<group>";
		};
		BC1C900328CF41A300BD73AF /* Service */ = {
			isa = PBXGroup;
			children = (
				BC1C900728CF424E00BD73AF /* NetworkService.swift */,
			);
			path = Service;
			sourceTree = "<group>";
		};
		BC1C900528CF41B300BD73AF /* Controller */ = {
			isa = PBXGroup;
			children = (
				BCADA05328CFD06C001AE36B /* Details */,
				BCADA05228CFD063001AE36B /* Characters */,
			);
			path = Controller;
			sourceTree = "<group>";
		};
		BC1C900628CF41C000BD73AF /* Delegates */ = {
			isa = PBXGroup;
			children = (
				BC9B0DF228CEA1500016DD77 /* SceneDelegate.swift */,
				BC9B0DF028CEA1500016DD77 /* AppDelegate.swift */,
			);
			path = Delegates;
			sourceTree = "<group>";
		};
		BC9B0DE428CEA14F0016DD77 = {
			isa = PBXGroup;
			children = (
				BC9B0DEF28CEA1500016DD77 /* ValorantAPP */,
				BC9B0E0628CEA1560016DD77 /* ValorantAPPTests */,
				BC9B0E1028CEA1570016DD77 /* ValorantAPPUITests */,
				BC9B0DEE28CEA1500016DD77 /* Products */,
				0DDDD84053A59E023C05B98A /* Pods */,
				2E97DBFF0D0F15B62B60EDDA /* Frameworks */,
			);
			sourceTree = "<group>";
		};
		BC9B0DEE28CEA1500016DD77 /* Products */ = {
			isa = PBXGroup;
			children = (
				BC9B0DED28CEA1500016DD77 /* ValorantAPP.app */,
				BC9B0E0328CEA1560016DD77 /* ValorantAPPTests.xctest */,
				BC9B0E0D28CEA1570016DD77 /* ValorantAPPUITests.xctest */,
			);
			name = Products;
			sourceTree = "<group>";
		};
		BC9B0DEF28CEA1500016DD77 /* ValorantAPP */ = {
			isa = PBXGroup;
			children = (
				BCADA05128CFD015001AE36B /* AudioFiles */,
				BC1C900628CF41C000BD73AF /* Delegates */,
				BC1C900528CF41B300BD73AF /* Controller */,
				BC1C900328CF41A300BD73AF /* Service */,
				BC1C900228CF419F00BD73AF /* Model */,
				BC9B0DF628CEA1500016DD77 /* Main.storyboard */,
				BC9B0DF928CEA1560016DD77 /* Assets.xcassets */,
				BC9B0DFB28CEA1560016DD77 /* LaunchScreen.storyboard */,
				BC9B0DFE28CEA1560016DD77 /* Info.plist */,
			);
			path = ValorantAPP;
			sourceTree = "<group>";
		};
		BC9B0E0628CEA1560016DD77 /* ValorantAPPTests */ = {
			isa = PBXGroup;
			children = (
				BC9B0E0728CEA1560016DD77 /* ValorantAPPTests.swift */,
			);
			path = ValorantAPPTests;
			sourceTree = "<group>";
		};
		BC9B0E1028CEA1570016DD77 /* ValorantAPPUITests */ = {
			isa = PBXGroup;
			children = (
				BC9B0E1128CEA1570016DD77 /* ValorantAPPUITests.swift */,
				BC9B0E1328CEA1570016DD77 /* ValorantAPPUITestsLaunchTests.swift */,
			);
			path = ValorantAPPUITests;
			sourceTree = "<group>";
		};
		BCADA05128CFD015001AE36B /* AudioFiles */ = {
			isa = PBXGroup;
			children = (
				BCADA04F28CFCC39001AE36B /* sound.wav */,
			);
			path = AudioFiles;
			sourceTree = "<group>";
		};
		BCADA05228CFD063001AE36B /* Characters */ = {
			isa = PBXGroup;
			children = (
				BC9B0DF428CEA1500016DD77 /* CharactersViewController.swift */,
				BC1C901128CF45B400BD73AF /* CharacterCell.swift */,
			);
			path = Characters;
			sourceTree = "<group>";
		};
		BCADA05328CFD06C001AE36B /* Details */ = {
			isa = PBXGroup;
			children = (
				BCADA04D28CFB0E3001AE36B /* DetailsCollectionViewCell.swift */,
				BC1C900D28CF433400BD73AF /* DetailsViewController.swift */,
			);
			path = Details;
			sourceTree = "<group>";
		};
/* End PBXGroup section */

/* Begin PBXNativeTarget section */
		BC9B0DEC28CEA14F0016DD77 /* ValorantAPP */ = {
			isa = PBXNativeTarget;
			buildConfigurationList = BC9B0E1728CEA1570016DD77 /* Build configuration list for PBXNativeTarget "ValorantAPP" */;
			buildPhases = (
				1E7FA210081FC779E2CC2025 /* [CP] Check Pods Manifest.lock */,
				BC9B0DE928CEA14F0016DD77 /* Sources */,
				BC9B0DEA28CEA14F0016DD77 /* Frameworks */,
				BC9B0DEB28CEA14F0016DD77 /* Resources */,
				71952D605064C5DFDA7549A5 /* [CP] Embed Pods Frameworks */,
			);
			buildRules = (
			);
			dependencies = (
			);
			name = ValorantAPP;
			productName = ValorantAPP;
			productReference = BC9B0DED28CEA1500016DD77 /* ValorantAPP.app */;
			productType = "com.apple.product-type.application";
		};
		BC9B0E0228CEA1560016DD77 /* ValorantAPPTests */ = {
			isa = PBXNativeTarget;
			buildConfigurationList = BC9B0E1A28CEA1570016DD77 /* Build configuration list for PBXNativeTarget "ValorantAPPTests" */;
			buildPhases = (
				CBB81008A30D5A676AF90C3D /* [CP] Check Pods Manifest.lock */,
				BC9B0DFF28CEA1560016DD77 /* Sources */,
				BC9B0E0028CEA1560016DD77 /* Frameworks */,
				BC9B0E0128CEA1560016DD77 /* Resources */,
			);
			buildRules = (
			);
			dependencies = (
				BC9B0E0528CEA1560016DD77 /* PBXTargetDependency */,
			);
			name = ValorantAPPTests;
			productName = ValorantAPPTests;
			productReference = BC9B0E0328CEA1560016DD77 /* ValorantAPPTests.xctest */;
			productType = "com.apple.product-type.bundle.unit-test";
		};
		BC9B0E0C28CEA1570016DD77 /* ValorantAPPUITests */ = {
			isa = PBXNativeTarget;
			buildConfigurationList = BC9B0E1D28CEA1570016DD77 /* Build configuration list for PBXNativeTarget "ValorantAPPUITests" */;
			buildPhases = (
				71B4D37588E787B196E12BD3 /* [CP] Check Pods Manifest.lock */,
				BC9B0E0928CEA1570016DD77 /* Sources */,
				BC9B0E0A28CEA1570016DD77 /* Frameworks */,
				BC9B0E0B28CEA1570016DD77 /* Resources */,
				472C67BB0CA0CEC09C4AD747 /* [CP] Embed Pods Frameworks */,
			);
			buildRules = (
			);
			dependencies = (
				BC9B0E0F28CEA1570016DD77 /* PBXTargetDependency */,
			);
			name = ValorantAPPUITests;
			productName = ValorantAPPUITests;
			productReference = BC9B0E0D28CEA1570016DD77 /* ValorantAPPUITests.xctest */;
			productType = "com.apple.product-type.bundle.ui-testing";
		};
/* End PBXNativeTarget section */

/* Begin PBXProject section */
		BC9B0DE528CEA14F0016DD77 /* Project object */ = {
			isa = PBXProject;
			attributes = {
				BuildIndependentTargetsInParallel = 1;
				LastSwiftUpdateCheck = 1340;
				LastUpgradeCheck = 1340;
				TargetAttributes = {
					BC9B0DEC28CEA14F0016DD77 = {
						CreatedOnToolsVersion = 13.4.1;
					};
					BC9B0E0228CEA1560016DD77 = {
						CreatedOnToolsVersion = 13.4.1;
						TestTargetID = BC9B0DEC28CEA14F0016DD77;
					};
					BC9B0E0C28CEA1570016DD77 = {
						CreatedOnToolsVersion = 13.4.1;
						TestTargetID = BC9B0DEC28CEA14F0016DD77;
					};
				};
			};
			buildConfigurationList = BC9B0DE828CEA14F0016DD77 /* Build configuration list for PBXProject "ValorantAPP" */;
			compatibilityVersion = "Xcode 13.0";
			developmentRegion = en;
			hasScannedForEncodings = 0;
			knownRegions = (
				en,
				Base,
			);
			mainGroup = BC9B0DE428CEA14F0016DD77;
			productRefGroup = BC9B0DEE28CEA1500016DD77 /* Products */;
			projectDirPath = "";
			projectRoot = "";
			targets = (
				BC9B0DEC28CEA14F0016DD77 /* ValorantAPP */,
				BC9B0E0228CEA1560016DD77 /* ValorantAPPTests */,
				BC9B0E0C28CEA1570016DD77 /* ValorantAPPUITests */,
			);
		};
/* End PBXProject section */

/* Begin PBXResourcesBuildPhase section */
		BC9B0DEB28CEA14F0016DD77 /* Resources */ = {
			isa = PBXResourcesBuildPhase;
			buildActionMask = 2147483647;
			files = (
				BC9B0DFD28CEA1560016DD77 /* LaunchScreen.storyboard in Resources */,
				BC9B0DFA28CEA1560016DD77 /* Assets.xcassets in Resources */,
				BCADA05028CFCC3A001AE36B /* sound.wav in Resources */,
				BC9B0DF828CEA1500016DD77 /* Main.storyboard in Resources */,
			);
			runOnlyForDeploymentPostprocessing = 0;
		};
		BC9B0E0128CEA1560016DD77 /* Resources */ = {
			isa = PBXResourcesBuildPhase;
			buildActionMask = 2147483647;
			files = (
			);
			runOnlyForDeploymentPostprocessing = 0;
		};
		BC9B0E0B28CEA1570016DD77 /* Resources */ = {
			isa = PBXResourcesBuildPhase;
			buildActionMask = 2147483647;
			files = (
			);
			runOnlyForDeploymentPostprocessing = 0;
		};
/* End PBXResourcesBuildPhase section */

/* Begin PBXShellScriptBuildPhase section */
		1E7FA210081FC779E2CC2025 /* [CP] Check Pods Manifest.lock */ = {
			isa = PBXShellScriptBuildPhase;
			buildActionMask = 2147483647;
			files = (
			);
			inputFileListPaths = (
			);
			inputPaths = (
				"${PODS_PODFILE_DIR_PATH}/Podfile.lock",
				"${PODS_ROOT}/Manifest.lock",
			);
			name = "[CP] Check Pods Manifest.lock";
			outputFileListPaths = (
			);
			outputPaths = (
				"$(DERIVED_FILE_DIR)/Pods-ValorantAPP-checkManifestLockResult.txt",
			);
			runOnlyForDeploymentPostprocessing = 0;
			shellPath = /bin/sh;
			shellScript = "diff \"${PODS_PODFILE_DIR_PATH}/Podfile.lock\" \"${PODS_ROOT}/Manifest.lock\" > /dev/null\nif [ $? != 0 ] ; then\n    # print error to STDERR\n    echo \"error: The sandbox is not in sync with the Podfile.lock. Run 'pod install' or update your CocoaPods installation.\" >&2\n    exit 1\nfi\n# This output is used by Xcode 'outputs' to avoid re-running this script phase.\necho \"SUCCESS\" > \"${SCRIPT_OUTPUT_FILE_0}\"\n";
			showEnvVarsInLog = 0;
		};
		472C67BB0CA0CEC09C4AD747 /* [CP] Embed Pods Frameworks */ = {
			isa = PBXShellScriptBuildPhase;
			buildActionMask = 2147483647;
			files = (
			);
			inputFileListPaths = (
				"${PODS_ROOT}/Target Support Files/Pods-ValorantAPP-ValorantAPPUITests/Pods-ValorantAPP-ValorantAPPUITests-frameworks-${CONFIGURATION}-input-files.xcfilelist",
			);
			name = "[CP] Embed Pods Frameworks";
			outputFileListPaths = (
				"${PODS_ROOT}/Target Support Files/Pods-ValorantAPP-ValorantAPPUITests/Pods-ValorantAPP-ValorantAPPUITests-frameworks-${CONFIGURATION}-output-files.xcfilelist",
			);
			runOnlyForDeploymentPostprocessing = 0;
			shellPath = /bin/sh;
			shellScript = "\"${PODS_ROOT}/Target Support Files/Pods-ValorantAPP-ValorantAPPUITests/Pods-ValorantAPP-ValorantAPPUITests-frameworks.sh\"\n";
			showEnvVarsInLog = 0;
		};
		71952D605064C5DFDA7549A5 /* [CP] Embed Pods Frameworks */ = {
			isa = PBXShellScriptBuildPhase;
			buildActionMask = 2147483647;
			files = (
			);
			inputFileListPaths = (
				"${PODS_ROOT}/Target Support Files/Pods-ValorantAPP/Pods-ValorantAPP-frameworks-${CONFIGURATION}-input-files.xcfilelist",
			);
			name = "[CP] Embed Pods Frameworks";
			outputFileListPaths = (
				"${PODS_ROOT}/Target Support Files/Pods-ValorantAPP/Pods-ValorantAPP-frameworks-${CONFIGURATION}-output-files.xcfilelist",
			);
			runOnlyForDeploymentPostprocessing = 0;
			shellPath = /bin/sh;
			shellScript = "\"${PODS_ROOT}/Target Support Files/Pods-ValorantAPP/Pods-ValorantAPP-frameworks.sh\"\n";
			showEnvVarsInLog = 0;
		};
		71B4D37588E787B196E12BD3 /* [CP] Check Pods Manifest.lock */ = {
			isa = PBXShellScriptBuildPhase;
			buildActionMask = 2147483647;
			files = (
			);
			inputFileListPaths = (
			);
			inputPaths = (
				"${PODS_PODFILE_DIR_PATH}/Podfile.lock",
				"${PODS_ROOT}/Manifest.lock",
			);
			name = "[CP] Check Pods Manifest.lock";
			outputFileListPaths = (
			);
			outputPaths = (
				"$(DERIVED_FILE_DIR)/Pods-ValorantAPP-ValorantAPPUITests-checkManifestLockResult.txt",
			);
			runOnlyForDeploymentPostprocessing = 0;
			shellPath = /bin/sh;
			shellScript = "diff \"${PODS_PODFILE_DIR_PATH}/Podfile.lock\" \"${PODS_ROOT}/Manifest.lock\" > /dev/null\nif [ $? != 0 ] ; then\n    # print error to STDERR\n    echo \"error: The sandbox is not in sync with the Podfile.lock. Run 'pod install' or update your CocoaPods installation.\" >&2\n    exit 1\nfi\n# This output is used by Xcode 'outputs' to avoid re-running this script phase.\necho \"SUCCESS\" > \"${SCRIPT_OUTPUT_FILE_0}\"\n";
			showEnvVarsInLog = 0;
		};
		CBB81008A30D5A676AF90C3D /* [CP] Check Pods Manifest.lock */ = {
			isa = PBXShellScriptBuildPhase;
			buildActionMask = 2147483647;
			files = (
			);
			inputFileListPaths = (
			);
			inputPaths = (
				"${PODS_PODFILE_DIR_PATH}/Podfile.lock",
				"${PODS_ROOT}/Manifest.lock",
			);
			name = "[CP] Check Pods Manifest.lock";
			outputFileListPaths = (
			);
			outputPaths = (
				"$(DERIVED_FILE_DIR)/Pods-ValorantAPPTests-checkManifestLockResult.txt",
			);
			runOnlyForDeploymentPostprocessing = 0;
			shellPath = /bin/sh;
			shellScript = "diff \"${PODS_PODFILE_DIR_PATH}/Podfile.lock\" \"${PODS_ROOT}/Manifest.lock\" > /dev/null\nif [ $? != 0 ] ; then\n    # print error to STDERR\n    echo \"error: The sandbox is not in sync with the Podfile.lock. Run 'pod install' or update your CocoaPods installation.\" >&2\n    exit 1\nfi\n# This output is used by Xcode 'outputs' to avoid re-running this script phase.\necho \"SUCCESS\" > \"${SCRIPT_OUTPUT_FILE_0}\"\n";
			showEnvVarsInLog = 0;
		};
/* End PBXShellScriptBuildPhase section */

/* Begin PBXSourcesBuildPhase section */
		BC9B0DE928CEA14F0016DD77 /* Sources */ = {
			isa = PBXSourcesBuildPhase;
			buildActionMask = 2147483647;
			files = (
				BC9B0DF528CEA1500016DD77 /* CharactersViewController.swift in Sources */,
				BC1C900A28CF425900BD73AF /* CharacterModel.swift in Sources */,
				BC1C901228CF45B400BD73AF /* CharacterCell.swift in Sources */,
				BC9B0DF128CEA1500016DD77 /* AppDelegate.swift in Sources */,
				BC1C900828CF424E00BD73AF /* NetworkService.swift in Sources */,
				BC9B0DF328CEA1500016DD77 /* SceneDelegate.swift in Sources */,
				BC1C900E28CF433400BD73AF /* DetailsViewController.swift in Sources */,
				BCADA04E28CFB0E4001AE36B /* DetailsCollectionViewCell.swift in Sources */,
			);
			runOnlyForDeploymentPostprocessing = 0;
		};
		BC9B0DFF28CEA1560016DD77 /* Sources */ = {
			isa = PBXSourcesBuildPhase;
			buildActionMask = 2147483647;
			files = (
				BC9B0E0828CEA1560016DD77 /* ValorantAPPTests.swift in Sources */,
			);
			runOnlyForDeploymentPostprocessing = 0;
		};
		BC9B0E0928CEA1570016DD77 /* Sources */ = {
			isa = PBXSourcesBuildPhase;
			buildActionMask = 2147483647;
			files = (
				BC9B0E1228CEA1570016DD77 /* ValorantAPPUITests.swift in Sources */,
				BC9B0E1428CEA1570016DD77 /* ValorantAPPUITestsLaunchTests.swift in Sources */,
			);
			runOnlyForDeploymentPostprocessing = 0;
		};
/* End PBXSourcesBuildPhase section */

/* Begin PBXTargetDependency section */
		BC9B0E0528CEA1560016DD77 /* PBXTargetDependency */ = {
			isa = PBXTargetDependency;
			target = BC9B0DEC28CEA14F0016DD77 /* ValorantAPP */;
			targetProxy = BC9B0E0428CEA1560016DD77 /* PBXContainerItemProxy */;
		};
		BC9B0E0F28CEA1570016DD77 /* PBXTargetDependency */ = {
			isa = PBXTargetDependency;
			target = BC9B0DEC28CEA14F0016DD77 /* ValorantAPP */;
			targetProxy = BC9B0E0E28CEA1570016DD77 /* PBXContainerItemProxy */;
		};
/* End PBXTargetDependency section */

/* Begin PBXVariantGroup section */
		BC9B0DF628CEA1500016DD77 /* Main.storyboard */ = {
			isa = PBXVariantGroup;
			children = (
				BC9B0DF728CEA1500016DD77 /* Base */,
			);
			name = Main.storyboard;
			sourceTree = "<group>";
		};
		BC9B0DFB28CEA1560016DD77 /* LaunchScreen.storyboard */ = {
			isa = PBXVariantGroup;
			children = (
				BC9B0DFC28CEA1560016DD77 /* Base */,
			);
			name = LaunchScreen.storyboard;
			sourceTree = "<group>";
		};
/* End PBXVariantGroup section */

/* Begin XCBuildConfiguration section */
		BC9B0E1528CEA1570016DD77 /* Debug */ = {
			isa = XCBuildConfiguration;
			buildSettings = {
				ALWAYS_SEARCH_USER_PATHS = NO;
				CLANG_ANALYZER_NONNULL = YES;
				CLANG_ANALYZER_NUMBER_OBJECT_CONVERSION = YES_AGGRESSIVE;
				CLANG_CXX_LANGUAGE_STANDARD = "gnu++17";
				CLANG_ENABLE_MODULES = YES;
				CLANG_ENABLE_OBJC_ARC = YES;
				CLANG_ENABLE_OBJC_WEAK = YES;
				CLANG_WARN_BLOCK_CAPTURE_AUTORELEASING = YES;
				CLANG_WARN_BOOL_CONVERSION = YES;
				CLANG_WARN_COMMA = YES;
				CLANG_WARN_CONSTANT_CONVERSION = YES;
				CLANG_WARN_DEPRECATED_OBJC_IMPLEMENTATIONS = YES;
				CLANG_WARN_DIRECT_OBJC_ISA_USAGE = YES_ERROR;
				CLANG_WARN_DOCUMENTATION_COMMENTS = YES;
				CLANG_WARN_EMPTY_BODY = YES;
				CLANG_WARN_ENUM_CONVERSION = YES;
				CLANG_WARN_INFINITE_RECURSION = YES;
				CLANG_WARN_INT_CONVERSION = YES;
				CLANG_WARN_NON_LITERAL_NULL_CONVERSION = YES;
				CLANG_WARN_OBJC_IMPLICIT_RETAIN_SELF = YES;
				CLANG_WARN_OBJC_LITERAL_CONVERSION = YES;
				CLANG_WARN_OBJC_ROOT_CLASS = YES_ERROR;
				CLANG_WARN_QUOTED_INCLUDE_IN_FRAMEWORK_HEADER = YES;
				CLANG_WARN_RANGE_LOOP_ANALYSIS = YES;
				CLANG_WARN_STRICT_PROTOTYPES = YES;
				CLANG_WARN_SUSPICIOUS_MOVE = YES;
				CLANG_WARN_UNGUARDED_AVAILABILITY = YES_AGGRESSIVE;
				CLANG_WARN_UNREACHABLE_CODE = YES;
				CLANG_WARN__DUPLICATE_METHOD_MATCH = YES;
				COPY_PHASE_STRIP = NO;
				DEBUG_INFORMATION_FORMAT = dwarf;
				ENABLE_STRICT_OBJC_MSGSEND = YES;
				ENABLE_TESTABILITY = YES;
				GCC_C_LANGUAGE_STANDARD = gnu11;
				GCC_DYNAMIC_NO_PIC = NO;
				GCC_NO_COMMON_BLOCKS = YES;
				GCC_OPTIMIZATION_LEVEL = 0;
				GCC_PREPROCESSOR_DEFINITIONS = (
					"DEBUG=1",
					"$(inherited)",
				);
				GCC_WARN_64_TO_32_BIT_CONVERSION = YES;
				GCC_WARN_ABOUT_RETURN_TYPE = YES_ERROR;
				GCC_WARN_UNDECLARED_SELECTOR = YES;
				GCC_WARN_UNINITIALIZED_AUTOS = YES_AGGRESSIVE;
				GCC_WARN_UNUSED_FUNCTION = YES;
				GCC_WARN_UNUSED_VARIABLE = YES;
				IPHONEOS_DEPLOYMENT_TARGET = 15.5;
				MTL_ENABLE_DEBUG_INFO = INCLUDE_SOURCE;
				MTL_FAST_MATH = YES;
				ONLY_ACTIVE_ARCH = YES;
				SDKROOT = iphoneos;
				SWIFT_ACTIVE_COMPILATION_CONDITIONS = DEBUG;
				SWIFT_OPTIMIZATION_LEVEL = "-Onone";
			};
			name = Debug;
		};
		BC9B0E1628CEA1570016DD77 /* Release */ = {
			isa = XCBuildConfiguration;
			buildSettings = {
				ALWAYS_SEARCH_USER_PATHS = NO;
				CLANG_ANALYZER_NONNULL = YES;
				CLANG_ANALYZER_NUMBER_OBJECT_CONVERSION = YES_AGGRESSIVE;
				CLANG_CXX_LANGUAGE_STANDARD = "gnu++17";
				CLANG_ENABLE_MODULES = YES;
				CLANG_ENABLE_OBJC_ARC = YES;
				CLANG_ENABLE_OBJC_WEAK = YES;
				CLANG_WARN_BLOCK_CAPTURE_AUTORELEASING = YES;
				CLANG_WARN_BOOL_CONVERSION = YES;
				CLANG_WARN_COMMA = YES;
				CLANG_WARN_CONSTANT_CONVERSION = YES;
				CLANG_WARN_DEPRECATED_OBJC_IMPLEMENTATIONS = YES;
				CLANG_WARN_DIRECT_OBJC_ISA_USAGE = YES_ERROR;
				CLANG_WARN_DOCUMENTATION_COMMENTS = YES;
				CLANG_WARN_EMPTY_BODY = YES;
				CLANG_WARN_ENUM_CONVERSION = YES;
				CLANG_WARN_INFINITE_RECURSION = YES;
				CLANG_WARN_INT_CONVERSION = YES;
				CLANG_WARN_NON_LITERAL_NULL_CONVERSION = YES;
				CLANG_WARN_OBJC_IMPLICIT_RETAIN_SELF = YES;
				CLANG_WARN_OBJC_LITERAL_CONVERSION = YES;
				CLANG_WARN_OBJC_ROOT_CLASS = YES_ERROR;
				CLANG_WARN_QUOTED_INCLUDE_IN_FRAMEWORK_HEADER = YES;
				CLANG_WARN_RANGE_LOOP_ANALYSIS = YES;
				CLANG_WARN_STRICT_PROTOTYPES = YES;
				CLANG_WARN_SUSPICIOUS_MOVE = YES;
				CLANG_WARN_UNGUARDED_AVAILABILITY = YES_AGGRESSIVE;
				CLANG_WARN_UNREACHABLE_CODE = YES;
				CLANG_WARN__DUPLICATE_METHOD_MATCH = YES;
				COPY_PHASE_STRIP = NO;
				DEBUG_INFORMATION_FORMAT = "dwarf-with-dsym";
				ENABLE_NS_ASSERTIONS = NO;
				ENABLE_STRICT_OBJC_MSGSEND = YES;
				GCC_C_LANGUAGE_STANDARD = gnu11;
				GCC_NO_COMMON_BLOCKS = YES;
				GCC_WARN_64_TO_32_BIT_CONVERSION = YES;
				GCC_WARN_ABOUT_RETURN_TYPE = YES_ERROR;
				GCC_WARN_UNDECLARED_SELECTOR = YES;
				GCC_WARN_UNINITIALIZED_AUTOS = YES_AGGRESSIVE;
				GCC_WARN_UNUSED_FUNCTION = YES;
				GCC_WARN_UNUSED_VARIABLE = YES;
				IPHONEOS_DEPLOYMENT_TARGET = 15.5;
				MTL_ENABLE_DEBUG_INFO = NO;
				MTL_FAST_MATH = YES;
				SDKROOT = iphoneos;
				SWIFT_COMPILATION_MODE = wholemodule;
				SWIFT_OPTIMIZATION_LEVEL = "-O";
				VALIDATE_PRODUCT = YES;
			};
			name = Release;
		};
		BC9B0E1828CEA1570016DD77 /* Debug */ = {
			isa = XCBuildConfiguration;
			baseConfigurationReference = E2B9522B3377022379A104A5 /* Pods-ValorantAPP.debug.xcconfig */;
			buildSettings = {
				ASSETCATALOG_COMPILER_APPICON_NAME = AppIcon;
				ASSETCATALOG_COMPILER_GLOBAL_ACCENT_COLOR_NAME = AccentColor;
				CODE_SIGN_STYLE = Automatic;
				CURRENT_PROJECT_VERSION = 1;
				DEVELOPMENT_TEAM = 9Z48JZ46F2;
				GENERATE_INFOPLIST_FILE = YES;
				INFOPLIST_FILE = ValorantAPP/Info.plist;
				INFOPLIST_KEY_UIApplicationSupportsIndirectInputEvents = YES;
				INFOPLIST_KEY_UILaunchStoryboardName = LaunchScreen;
				INFOPLIST_KEY_UIMainStoryboardFile = Main;
				INFOPLIST_KEY_UISupportedInterfaceOrientations_iPad = "UIInterfaceOrientationPortrait UIInterfaceOrientationPortraitUpsideDown UIInterfaceOrientationLandscapeLeft UIInterfaceOrientationLandscapeRight";
				INFOPLIST_KEY_UISupportedInterfaceOrientations_iPhone = "UIInterfaceOrientationPortrait UIInterfaceOrientationLandscapeLeft UIInterfaceOrientationLandscapeRight";
				LD_RUNPATH_SEARCH_PATHS = (
					"$(inherited)",
					"@executable_path/Frameworks",
				);
				MARKETING_VERSION = 1.0;
				PRODUCT_BUNDLE_IDENTIFIER = com.cenkbahadircark.ValorantAPP;
				PRODUCT_NAME = "$(TARGET_NAME)";
				SWIFT_EMIT_LOC_STRINGS = YES;
				SWIFT_VERSION = 5.0;
				TARGETED_DEVICE_FAMILY = "1,2";
			};
			name = Debug;
		};
		BC9B0E1928CEA1570016DD77 /* Release */ = {
			isa = XCBuildConfiguration;
			baseConfigurationReference = A24B2C91871878C4072232AC /* Pods-ValorantAPP.release.xcconfig */;
			buildSettings = {
				ASSETCATALOG_COMPILER_APPICON_NAME = AppIcon;
				ASSETCATALOG_COMPILER_GLOBAL_ACCENT_COLOR_NAME = AccentColor;
				CODE_SIGN_STYLE = Automatic;
				CURRENT_PROJECT_VERSION = 1;
				DEVELOPMENT_TEAM = 9Z48JZ46F2;
				GENERATE_INFOPLIST_FILE = YES;
				INFOPLIST_FILE = ValorantAPP/Info.plist;
				INFOPLIST_KEY_UIApplicationSupportsIndirectInputEvents = YES;
				INFOPLIST_KEY_UILaunchStoryboardName = LaunchScreen;
				INFOPLIST_KEY_UIMainStoryboardFile = Main;
				INFOPLIST_KEY_UISupportedInterfaceOrientations_iPad = "UIInterfaceOrientationPortrait UIInterfaceOrientationPortraitUpsideDown UIInterfaceOrientationLandscapeLeft UIInterfaceOrientationLandscapeRight";
				INFOPLIST_KEY_UISupportedInterfaceOrientations_iPhone = "UIInterfaceOrientationPortrait UIInterfaceOrientationLandscapeLeft UIInterfaceOrientationLandscapeRight";
				LD_RUNPATH_SEARCH_PATHS = (
					"$(inherited)",
					"@executable_path/Frameworks",
				);
				MARKETING_VERSION = 1.0;
				PRODUCT_BUNDLE_IDENTIFIER = com.cenkbahadircark.ValorantAPP;
				PRODUCT_NAME = "$(TARGET_NAME)";
				SWIFT_EMIT_LOC_STRINGS = YES;
				SWIFT_VERSION = 5.0;
				TARGETED_DEVICE_FAMILY = "1,2";
			};
			name = Release;
		};
		BC9B0E1B28CEA1570016DD77 /* Debug */ = {
			isa = XCBuildConfiguration;
			baseConfigurationReference = E12C870B4C0931087C9B7842 /* Pods-ValorantAPPTests.debug.xcconfig */;
			buildSettings = {
				ALWAYS_EMBED_SWIFT_STANDARD_LIBRARIES = YES;
				BUNDLE_LOADER = "$(TEST_HOST)";
				CODE_SIGN_STYLE = Automatic;
				CURRENT_PROJECT_VERSION = 1;
				DEVELOPMENT_TEAM = 9Z48JZ46F2;
				GENERATE_INFOPLIST_FILE = YES;
				IPHONEOS_DEPLOYMENT_TARGET = 15.5;
				MARKETING_VERSION = 1.0;
				PRODUCT_BUNDLE_IDENTIFIER = com.cenkbahadircark.ValorantAPPTests;
				PRODUCT_NAME = "$(TARGET_NAME)";
				SWIFT_EMIT_LOC_STRINGS = NO;
				SWIFT_VERSION = 5.0;
				TARGETED_DEVICE_FAMILY = "1,2";
				TEST_HOST = "$(BUILT_PRODUCTS_DIR)/ValorantAPP.app/ValorantAPP";
			};
			name = Debug;
		};
		BC9B0E1C28CEA1570016DD77 /* Release */ = {
			isa = XCBuildConfiguration;
			baseConfigurationReference = 88D89FD6814BACF2755A9501 /* Pods-ValorantAPPTests.release.xcconfig */;
			buildSettings = {
				ALWAYS_EMBED_SWIFT_STANDARD_LIBRARIES = YES;
				BUNDLE_LOADER = "$(TEST_HOST)";
				CODE_SIGN_STYLE = Automatic;
				CURRENT_PROJECT_VERSION = 1;
				DEVELOPMENT_TEAM = 9Z48JZ46F2;
				GENERATE_INFOPLIST_FILE = YES;
				IPHONEOS_DEPLOYMENT_TARGET = 15.5;
				MARKETING_VERSION = 1.0;
				PRODUCT_BUNDLE_IDENTIFIER = com.cenkbahadircark.ValorantAPPTests;
				PRODUCT_NAME = "$(TARGET_NAME)";
				SWIFT_EMIT_LOC_STRINGS = NO;
				SWIFT_VERSION = 5.0;
				TARGETED_DEVICE_FAMILY = "1,2";
				TEST_HOST = "$(BUILT_PRODUCTS_DIR)/ValorantAPP.app/ValorantAPP";
			};
			name = Release;
		};
		BC9B0E1E28CEA1570016DD77 /* Debug */ = {
			isa = XCBuildConfiguration;
			baseConfigurationReference = 1FF25BF771DF369D8FECD1D7 /* Pods-ValorantAPP-ValorantAPPUITests.debug.xcconfig */;
			buildSettings = {
				ALWAYS_EMBED_SWIFT_STANDARD_LIBRARIES = YES;
				CODE_SIGN_STYLE = Automatic;
				CURRENT_PROJECT_VERSION = 1;
				DEVELOPMENT_TEAM = 9Z48JZ46F2;
				GENERATE_INFOPLIST_FILE = YES;
				MARKETING_VERSION = 1.0;
				PRODUCT_BUNDLE_IDENTIFIER = com.cenkbahadircark.ValorantAPPUITests;
				PRODUCT_NAME = "$(TARGET_NAME)";
				SWIFT_EMIT_LOC_STRINGS = NO;
				SWIFT_VERSION = 5.0;
				TARGETED_DEVICE_FAMILY = "1,2";
				TEST_TARGET_NAME = ValorantAPP;
			};
			name = Debug;
		};
		BC9B0E1F28CEA1570016DD77 /* Release */ = {
			isa = XCBuildConfiguration;
			baseConfigurationReference = 7EA8308FBDCB2C504BFE1E6D /* Pods-ValorantAPP-ValorantAPPUITests.release.xcconfig */;
			buildSettings = {
				ALWAYS_EMBED_SWIFT_STANDARD_LIBRARIES = YES;
				CODE_SIGN_STYLE = Automatic;
				CURRENT_PROJECT_VERSION = 1;
				DEVELOPMENT_TEAM = 9Z48JZ46F2;
				GENERATE_INFOPLIST_FILE = YES;
				MARKETING_VERSION = 1.0;
				PRODUCT_BUNDLE_IDENTIFIER = com.cenkbahadircark.ValorantAPPUITests;
				PRODUCT_NAME = "$(TARGET_NAME)";
				SWIFT_EMIT_LOC_STRINGS = NO;
				SWIFT_VERSION = 5.0;
				TARGETED_DEVICE_FAMILY = "1,2";
				TEST_TARGET_NAME = ValorantAPP;
			};
			name = Release;
		};
/* End XCBuildConfiguration section */

/* Begin XCConfigurationList section */
		BC9B0DE828CEA14F0016DD77 /* Build configuration list for PBXProject "ValorantAPP" */ = {
			isa = XCConfigurationList;
			buildConfigurations = (
				BC9B0E1528CEA1570016DD77 /* Debug */,
				BC9B0E1628CEA1570016DD77 /* Release */,
			);
			defaultConfigurationIsVisible = 0;
			defaultConfigurationName = Release;
		};
		BC9B0E1728CEA1570016DD77 /* Build configuration list for PBXNativeTarget "ValorantAPP" */ = {
			isa = XCConfigurationList;
			buildConfigurations = (
				BC9B0E1828CEA1570016DD77 /* Debug */,
				BC9B0E1928CEA1570016DD77 /* Release */,
			);
			defaultConfigurationIsVisible = 0;
			defaultConfigurationName = Release;
		};
		BC9B0E1A28CEA1570016DD77 /* Build configuration list for PBXNativeTarget "ValorantAPPTests" */ = {
			isa = XCConfigurationList;
			buildConfigurations = (
				BC9B0E1B28CEA1570016DD77 /* Debug */,
				BC9B0E1C28CEA1570016DD77 /* Release */,
			);
			defaultConfigurationIsVisible = 0;
			defaultConfigurationName = Release;
		};
		BC9B0E1D28CEA1570016DD77 /* Build configuration list for PBXNativeTarget "ValorantAPPUITests" */ = {
			isa = XCConfigurationList;
			buildConfigurations = (
				BC9B0E1E28CEA1570016DD77 /* Debug */,
				BC9B0E1F28CEA1570016DD77 /* Release */,
			);
			defaultConfigurationIsVisible = 0;
			defaultConfigurationName = Release;
		};
/* End XCConfigurationList section */
	};
	rootObject = BC9B0DE528CEA14F0016DD77 /* Project object */;
}
